// !$*UTF8*$!
{
	archiveVersion = 1;
	classes = {
	};
	objectVersion = 77;
	objects = {

/* Begin PBXBuildFile section */
		A9E25D252EC0C8C1004C9397 /* Person.swift in Sources */ = {isa = PBXBuildFile; fileRef = A9E25D112EC0C8C1004C9397 /* Person.swift */; };
		A9E25D272EC0C8C1004C9397 /* Add.swift in Sources */ = {isa = PBXBuildFile; fileRef = A9E25D142EC0C8C1004C9397 /* Add.swift */; };
		A9E25D2A2EC0C8C1004C9397 /* DetailView.swift in Sources */ = {isa = PBXBuildFile; fileRef = A9E25D182EC0C8C1004C9397 /* DetailView.swift */; };
		A9E25D2C2EC0C8C1004C9397 /* Home.swift in Sources */ = {isa = PBXBuildFile; fileRef = A9E25D1E2EC0C8C1004C9397 /* Home.swift */; };
		A9E25D2D2EC0C8C1004C9397 /* MailView.swift in Sources */ = {isa = PBXBuildFile; fileRef = A9E25D1F2EC0C8C1004C9397 /* MailView.swift */; };
		A9E25D2E2EC0C8C1004C9397 /* SettingsView.swift in Sources */ = {isa = PBXBuildFile; fileRef = A9E25D202EC0C8C1004C9397 /* SettingsView.swift */; };
		A9E25D2F2EC0C8C1004C9397 /* Assets.xcassets in Resources */ = {isa = PBXBuildFile; fileRef = A9E25D152EC0C8C1004C9397 /* Assets.xcassets */; };
		A9E25D3B2EC0C983004C9397 /* hitokanriApp.swift in Sources */ = {isa = PBXBuildFile; fileRef = A9E25D392EC0C983004C9397 /* hitokanriApp.swift */; };
		A9E25D452EC0CA4B004C9397 /* LaunchScreen.storyboard in Resources */ = {isa = PBXBuildFile; fileRef = A9E25D432EC0CA4B004C9397 /* LaunchScreen.storyboard */; };
		A9E25D472EC0CB32004C9397 /* hito.png in Resources */ = {isa = PBXBuildFile; fileRef = A9E25D462EC0CB32004C9397 /* hito.png */; };
/* End PBXBuildFile section */

/* Begin PBXFileReference section */
		A9586A552EA2967F00CEDEC2 /* hitokanri.app */ = {isa = PBXFileReference; explicitFileType = wrapper.application; includeInIndex = 0; path = hitokanri.app; sourceTree = BUILT_PRODUCTS_DIR; };
		A9E25D112EC0C8C1004C9397 /* Person.swift */ = {isa = PBXFileReference; lastKnownFileType = sourcecode.swift; path = Person.swift; sourceTree = "<group>"; };
		A9E25D142EC0C8C1004C9397 /* Add.swift */ = {isa = PBXFileReference; lastKnownFileType = sourcecode.swift; path = Add.swift; sourceTree = "<group>"; };
		A9E25D152EC0C8C1004C9397 /* Assets.xcassets */ = {isa = PBXFileReference; lastKnownFileType = folder.assetcatalog; path = Assets.xcassets; sourceTree = "<group>"; };
		A9E25D182EC0C8C1004C9397 /* DetailView.swift */ = {isa = PBXFileReference; lastKnownFileType = sourcecode.swift; path = DetailView.swift; sourceTree = "<group>"; };
		A9E25D1C2EC0C8C1004C9397 /* hitokanri.entitlements */ = {isa = PBXFileReference; lastKnownFileType = text.plist.entitlements; path = hitokanri.entitlements; sourceTree = "<group>"; };
		A9E25D1E2EC0C8C1004C9397 /* Home.swift */ = {isa = PBXFileReference; lastKnownFileType = sourcecode.swift; path = Home.swift; sourceTree = "<group>"; };
		A9E25D1F2EC0C8C1004C9397 /* MailView.swift */ = {isa = PBXFileReference; lastKnownFileType = sourcecode.swift; path = MailView.swift; sourceTree = "<group>"; };
		A9E25D202EC0C8C1004C9397 /* SettingsView.swift */ = {isa = PBXFileReference; lastKnownFileType = sourcecode.swift; path = SettingsView.swift; sourceTree = "<group>"; };
		A9E25D392EC0C983004C9397 /* hitokanriApp.swift */ = {isa = PBXFileReference; lastKnownFileType = sourcecode.swift; path = hitokanriApp.swift; sourceTree = "<group>"; };
		A9E25D432EC0CA4B004C9397 /* LaunchScreen.storyboard */ = {isa = PBXFileReference; lastKnownFileType = file.storyboard; path = LaunchScreen.storyboard; sourceTree = "<group>"; };
		A9E25D462EC0CB32004C9397 /* hito.png */ = {isa = PBXFileReference; lastKnownFileType = image.png; path = hito.png; sourceTree = "<group>"; };
/* End PBXFileReference section */

/* Begin PBXFrameworksBuildPhase section */
		A9586A522EA2967F00CEDEC2 /* Frameworks */ = {
			isa = PBXFrameworksBuildPhase;
			buildActionMask = 2147483647;
			files = (
			);
			runOnlyForDeploymentPostprocessing = 0;
		};
/* End PBXFrameworksBuildPhase section */

/* Begin PBXGroup section */
		A9586A4C2EA2967F00CEDEC2 = {
			isa = PBXGroup;
			children = (
				A9E25D242EC0C8C1004C9397 /* hitokanri */,
				A9586A562EA2967F00CEDEC2 /* Products */,
			);
			sourceTree = "<group>";
		};
		A9586A562EA2967F00CEDEC2 /* Products */ = {
			isa = PBXGroup;
			children = (
				A9586A552EA2967F00CEDEC2 /* hitokanri.app */,
			);
			name = Products;
			sourceTree = "<group>";
		};
		A9E25D132EC0C8C1004C9397 /* Model */ = {
			isa = PBXGroup;
			children = (
				A9E25D112EC0C8C1004C9397 /* Person.swift */,
			);
			path = Model;
			sourceTree = "<group>";
		};
		A9E25D242EC0C8C1004C9397 /* hitokanri */ = {
			isa = PBXGroup;
			children = (
				A9E25D3A2EC0C983004C9397 /* Apps */,
				A9E25D3F2EC0C9AE004C9397 /* Views */,
				A9E25D132EC0C8C1004C9397 /* Model */,
				A9E25D442EC0CA4B004C9397 /* StoryBoards */,
				A9E25D152EC0C8C1004C9397 /* Assets.xcassets */,
				A9E25D1C2EC0C8C1004C9397 /* hitokanri.entitlements */,
				A9E25D462EC0CB32004C9397 /* hito.png */,
			);
			path = hitokanri;
			sourceTree = "<group>";
		};
		A9E25D3A2EC0C983004C9397 /* Apps */ = {
			isa = PBXGroup;
			children = (
				A9E25D392EC0C983004C9397 /* hitokanriApp.swift */,
			);
			path = Apps;
			sourceTree = "<group>";
		};
		A9E25D3F2EC0C9AE004C9397 /* Views */ = {
			isa = PBXGroup;
			children = (
				A9E25D1E2EC0C8C1004C9397 /* Home.swift */,
				A9E25D1F2EC0C8C1004C9397 /* MailView.swift */,
				A9E25D202EC0C8C1004C9397 /* SettingsView.swift */,
				A9E25D182EC0C8C1004C9397 /* DetailView.swift */,
				A9E25D142EC0C8C1004C9397 /* Add.swift */,
			);
			path = Views;
			sourceTree = "<group>";
		};
		A9E25D442EC0CA4B004C9397 /* StoryBoards */ = {
			isa = PBXGroup;
			children = (
				A9E25D432EC0CA4B004C9397 /* LaunchScreen.storyboard */,
			);
			path = StoryBoards;
			sourceTree = "<group>";
		};
/* End PBXGroup section */

/* Begin PBXNativeTarget section */
		A9586A542EA2967F00CEDEC2 /* hitokanri */ = {
			isa = PBXNativeTarget;
			buildConfigurationList = A9586A612EA2968100CEDEC2 /* Build configuration list for PBXNativeTarget "hitokanri" */;
			buildPhases = (
				A9586A512EA2967F00CEDEC2 /* Sources */,
				A9586A522EA2967F00CEDEC2 /* Frameworks */,
				A9586A532EA2967F00CEDEC2 /* Resources */,
			);
			buildRules = (
			);
			dependencies = (
			);
			name = hitokanri;
			packageProductDependencies = (
			);
			productName = hitokanri;
			productReference = A9586A552EA2967F00CEDEC2 /* hitokanri.app */;
			productType = "com.apple.product-type.application";
		};
/* End PBXNativeTarget section */

/* Begin PBXProject section */
		A9586A4D2EA2967F00CEDEC2 /* Project object */ = {
			isa = PBXProject;
			attributes = {
				BuildIndependentTargetsInParallel = 1;
				LastSwiftUpdateCheck = 1630;
				LastUpgradeCheck = 1630;
				TargetAttributes = {
					A9586A542EA2967F00CEDEC2 = {
						CreatedOnToolsVersion = 16.3;
					};
				};
			};
			buildConfigurationList = A9586A502EA2967F00CEDEC2 /* Build configuration list for PBXProject "hitokanri" */;
			developmentRegion = ja;
			hasScannedForEncodings = 0;
			knownRegions = (
				ja,
			);
			mainGroup = A9586A4C2EA2967F00CEDEC2;
			minimizedProjectReferenceProxies = 1;
			preferredProjectObjectVersion = 77;
			productRefGroup = A9586A562EA2967F00CEDEC2 /* Products */;
			projectDirPath = "";
			projectRoot = "";
			targets = (
				A9586A542EA2967F00CEDEC2 /* hitokanri */,
			);
		};
/* End PBXProject section */

/* Begin PBXResourcesBuildPhase section */
		A9586A532EA2967F00CEDEC2 /* Resources */ = {
			isa = PBXResourcesBuildPhase;
			buildActionMask = 2147483647;
			files = (
				A9E25D2F2EC0C8C1004C9397 /* Assets.xcassets in Resources */,
				A9E25D452EC0CA4B004C9397 /* LaunchScreen.storyboard in Resources */,
				A9E25D472EC0CB32004C9397 /* hito.png in Resources */,
			);
			runOnlyForDeploymentPostprocessing = 0;
		};
/* End PBXResourcesBuildPhase section */

/* Begin PBXSourcesBuildPhase section */
		A9586A512EA2967F00CEDEC2 /* Sources */ = {
			isa = PBXSourcesBuildPhase;
			buildActionMask = 2147483647;
			files = (
				A9E25D252EC0C8C1004C9397 /* Person.swift in Sources */,
				A9E25D272EC0C8C1004C9397 /* Add.swift in Sources */,
				A9E25D2A2EC0C8C1004C9397 /* DetailView.swift in Sources */,
				A9E25D2C2EC0C8C1004C9397 /* Home.swift in Sources */,
				A9E25D3B2EC0C983004C9397 /* hitokanriApp.swift in Sources */,
				A9E25D2D2EC0C8C1004C9397 /* MailView.swift in Sources */,
				A9E25D2E2EC0C8C1004C9397 /* SettingsView.swift in Sources */,
			);
			runOnlyForDeploymentPostprocessing = 0;
		};
/* End PBXSourcesBuildPhase section */

/* Begin XCBuildConfiguration section */
		A9586A5F2EA2968100CEDEC2 /* Debug */ = {
			isa = XCBuildConfiguration;
			buildSettings = {
				ALWAYS_SEARCH_USER_PATHS = NO;
				ASSETCATALOG_COMPILER_GENERATE_SWIFT_ASSET_SYMBOL_EXTENSIONS = YES;
				CLANG_ANALYZER_NONNULL = YES;
				CLANG_ANALYZER_NUMBER_OBJECT_CONVERSION = YES_AGGRESSIVE;
				CLANG_CXX_LANGUAGE_STANDARD = "gnu++20";
				CLANG_ENABLE_MODULES = YES;
				CLANG_ENABLE_OBJC_ARC = YES;
				CLANG_ENABLE_OBJC_WEAK = YES;
				CLANG_WARN_BLOCK_CAPTURE_AUTORELEASING = YES;
				CLANG_WARN_BOOL_CONVERSION = YES;
				CLANG_WARN_COMMA = YES;
				CLANG_WARN_CONSTANT_CONVERSION = YES;
				CLANG_WARN_DEPRECATED_OBJC_IMPLEMENTATIONS = YES;
				CLANG_WARN_DIRECT_OBJC_ISA_USAGE = YES_ERROR;
				CLANG_WARN_DOCUMENTATION_COMMENTS = YES;
				CLANG_WARN_EMPTY_BODY = YES;
				CLANG_WARN_ENUM_CONVERSION = YES;
				CLANG_WARN_INFINITE_RECURSION = YES;
				CLANG_WARN_INT_CONVERSION = YES;
				CLANG_WARN_NON_LITERAL_NULL_CONVERSION = YES;
				CLANG_WARN_OBJC_IMPLICIT_RETAIN_SELF = YES;
				CLANG_WARN_OBJC_LITERAL_CONVERSION = YES;
				CLANG_WARN_OBJC_ROOT_CLASS = YES_ERROR;
				CLANG_WARN_QUOTED_INCLUDE_IN_FRAMEWORK_HEADER = YES;
				CLANG_WARN_RANGE_LOOP_ANALYSIS = YES;
				CLANG_WARN_STRICT_PROTOTYPES = YES;
				CLANG_WARN_SUSPICIOUS_MOVE = YES;
				CLANG_WARN_UNGUARDED_AVAILABILITY = YES_AGGRESSIVE;
				CLANG_WARN_UNREACHABLE_CODE = YES;
				CLANG_WARN__DUPLICATE_METHOD_MATCH = YES;
				COPY_PHASE_STRIP = NO;
				DEBUG_INFORMATION_FORMAT = dwarf;
				DEVELOPMENT_TEAM = XVM4X7JGBU;
				ENABLE_STRICT_OBJC_MSGSEND = YES;
				ENABLE_TESTABILITY = YES;
				ENABLE_USER_SCRIPT_SANDBOXING = YES;
				GCC_C_LANGUAGE_STANDARD = gnu17;
				GCC_DYNAMIC_NO_PIC = NO;
				GCC_NO_COMMON_BLOCKS = YES;
				GCC_OPTIMIZATION_LEVEL = 0;
				GCC_PREPROCESSOR_DEFINITIONS = (
					"DEBUG=1",
					"$(inherited)",
				);
				GCC_WARN_64_TO_32_BIT_CONVERSION = YES;
				GCC_WARN_ABOUT_RETURN_TYPE = YES_ERROR;
				GCC_WARN_UNDECLARED_SELECTOR = YES;
				GCC_WARN_UNINITIALIZED_AUTOS = YES_AGGRESSIVE;
				GCC_WARN_UNUSED_FUNCTION = YES;
				GCC_WARN_UNUSED_VARIABLE = YES;
				LOCALIZATION_PREFERS_STRING_CATALOGS = YES;
				MTL_ENABLE_DEBUG_INFO = INCLUDE_SOURCE;
				MTL_FAST_MATH = YES;
				ONLY_ACTIVE_ARCH = YES;
				SWIFT_ACTIVE_COMPILATION_CONDITIONS = "DEBUG $(inherited)";
				SWIFT_OPTIMIZATION_LEVEL = "-Onone";
			};
			name = Debug;
		};
		A9586A602EA2968100CEDEC2 /* Release */ = {
			isa = XCBuildConfiguration;
			buildSettings = {
				ALWAYS_SEARCH_USER_PATHS = NO;
				ASSETCATALOG_COMPILER_GENERATE_SWIFT_ASSET_SYMBOL_EXTENSIONS = YES;
				CLANG_ANALYZER_NONNULL = YES;
				CLANG_ANALYZER_NUMBER_OBJECT_CONVERSION = YES_AGGRESSIVE;
				CLANG_CXX_LANGUAGE_STANDARD = "gnu++20";
				CLANG_ENABLE_MODULES = YES;
				CLANG_ENABLE_OBJC_ARC = YES;
				CLANG_ENABLE_OBJC_WEAK = YES;
				CLANG_WARN_BLOCK_CAPTURE_AUTORELEASING = YES;
				CLANG_WARN_BOOL_CONVERSION = YES;
				CLANG_WARN_COMMA = YES;
				CLANG_WARN_CONSTANT_CONVERSION = YES;
				CLANG_WARN_DEPRECATED_OBJC_IMPLEMENTATIONS = YES;
				CLANG_WARN_DIRECT_OBJC_ISA_USAGE = YES_ERROR;
				CLANG_WARN_DOCUMENTATION_COMMENTS = YES;
				CLANG_WARN_EMPTY_BODY = YES;
				CLANG_WARN_ENUM_CONVERSION = YES;
				CLANG_WARN_INFINITE_RECURSION = YES;
				CLANG_WARN_INT_CONVERSION = YES;
				CLANG_WARN_NON_LITERAL_NULL_CONVERSION = YES;
				CLANG_WARN_OBJC_IMPLICIT_RETAIN_SELF = YES;
				CLANG_WARN_OBJC_LITERAL_CONVERSION = YES;
				CLANG_WARN_OBJC_ROOT_CLASS = YES_ERROR;
				CLANG_WARN_QUOTED_INCLUDE_IN_FRAMEWORK_HEADER = YES;
				CLANG_WARN_RANGE_LOOP_ANALYSIS = YES;
				CLANG_WARN_STRICT_PROTOTYPES = YES;
				CLANG_WARN_SUSPICIOUS_MOVE = YES;
				CLANG_WARN_UNGUARDED_AVAILABILITY = YES_AGGRESSIVE;
				CLANG_WARN_UNREACHABLE_CODE = YES;
				CLANG_WARN__DUPLICATE_METHOD_MATCH = YES;
				COPY_PHASE_STRIP = NO;
				DEBUG_INFORMATION_FORMAT = "dwarf-with-dsym";
				DEVELOPMENT_TEAM = XVM4X7JGBU;
				ENABLE_NS_ASSERTIONS = NO;
				ENABLE_STRICT_OBJC_MSGSEND = YES;
				ENABLE_USER_SCRIPT_SANDBOXING = YES;
				GCC_C_LANGUAGE_STANDARD = gnu17;
				GCC_NO_COMMON_BLOCKS = YES;
				GCC_WARN_64_TO_32_BIT_CONVERSION = YES;
				GCC_WARN_ABOUT_RETURN_TYPE = YES_ERROR;
				GCC_WARN_UNDECLARED_SELECTOR = YES;
				GCC_WARN_UNINITIALIZED_AUTOS = YES_AGGRESSIVE;
				GCC_WARN_UNUSED_FUNCTION = YES;
				GCC_WARN_UNUSED_VARIABLE = YES;
				LOCALIZATION_PREFERS_STRING_CATALOGS = YES;
				MTL_ENABLE_DEBUG_INFO = NO;
				MTL_FAST_MATH = YES;
				SWIFT_COMPILATION_MODE = wholemodule;
			};
			name = Release;
		};
		A9586A622EA2968100CEDEC2 /* Debug */ = {
			isa = XCBuildConfiguration;
			buildSettings = {
				ASSETCATALOG_COMPILER_APPICON_NAME = AppIcon;
				ASSETCATALOG_COMPILER_GLOBAL_ACCENT_COLOR_NAME = AccentColor;
				CODE_SIGN_ENTITLEMENTS = hitokanri/hitokanri.entitlements;
				CODE_SIGN_STYLE = Automatic;
				CURRENT_PROJECT_VERSION = 1;
				DEVELOPMENT_TEAM = XVM4X7JGBU;
				ENABLE_HARDENED_RUNTIME = YES;
				ENABLE_PREVIEWS = YES;
				GENERATE_INFOPLIST_FILE = YES;
				INFOPLIST_KEY_CFBundleDisplayName = "ヒトログ";
				"INFOPLIST_KEY_UIApplicationSceneManifest_Generation[sdk=iphoneos*]" = YES;
				"INFOPLIST_KEY_UIApplicationSceneManifest_Generation[sdk=iphonesimulator*]" = YES;
				"INFOPLIST_KEY_UIApplicationSupportsIndirectInputEvents[sdk=iphoneos*]" = YES;
				"INFOPLIST_KEY_UIApplicationSupportsIndirectInputEvents[sdk=iphonesimulator*]" = YES;
				"INFOPLIST_KEY_UILaunchScreen_Generation[sdk=iphoneos*]" = YES;
				"INFOPLIST_KEY_UILaunchScreen_Generation[sdk=iphonesimulator*]" = YES;
				INFOPLIST_KEY_UILaunchStoryboardName = LaunchScreen;
				"INFOPLIST_KEY_UIStatusBarStyle[sdk=iphoneos*]" = UIStatusBarStyleDefault;
				"INFOPLIST_KEY_UIStatusBarStyle[sdk=iphonesimulator*]" = UIStatusBarStyleDefault;
				INFOPLIST_KEY_UISupportedInterfaceOrientations_iPad = "UIInterfaceOrientationPortrait UIInterfaceOrientationPortraitUpsideDown UIInterfaceOrientationLandscapeLeft UIInterfaceOrientationLandscapeRight";
				INFOPLIST_KEY_UISupportedInterfaceOrientations_iPhone = "UIInterfaceOrientationPortrait UIInterfaceOrientationLandscapeLeft UIInterfaceOrientationLandscapeRight";
				INFOPLIST_KEY_UIUserInterfaceStyle = Light;
				IPHONEOS_DEPLOYMENT_TARGET = 17.0;
				LD_RUNPATH_SEARCH_PATHS = "@executable_path/Frameworks";
				"LD_RUNPATH_SEARCH_PATHS[sdk=macosx*]" = "@executable_path/../Frameworks";
				MACOSX_DEPLOYMENT_TARGET = 15.2;
				MARKETING_VERSION = 1.3.1;
				PRODUCT_BUNDLE_IDENTIFIER = net.phihash.hitolog;
				PRODUCT_NAME = "$(TARGET_NAME)";
				REGISTER_APP_GROUPS = YES;
				SDKROOT = auto;
				SUPPORTED_PLATFORMS = "iphoneos iphonesimulator";
				SUPPORTS_MACCATALYST = NO;
				SWIFT_EMIT_LOC_STRINGS = YES;
				SWIFT_VERSION = 5.0;
				TARGETED_DEVICE_FAMILY = 1;
				XROS_DEPLOYMENT_TARGET = 2.4;
			};
			name = Debug;
		};
		A9586A632EA2968100CEDEC2 /* Release */ = {
			isa = XCBuildConfiguration;
			buildSettings = {
				ASSETCATALOG_COMPILER_APPICON_NAME = AppIcon;
				ASSETCATALOG_COMPILER_GLOBAL_ACCENT_COLOR_NAME = AccentColor;
				CODE_SIGN_ENTITLEMENTS = hitokanri/hitokanri.entitlements;
				CODE_SIGN_STYLE = Automatic;
				CURRENT_PROJECT_VERSION = 1;
				DEVELOPMENT_TEAM = XVM4X7JGBU;
				ENABLE_HARDENED_RUNTIME = YES;
				ENABLE_PREVIEWS = YES;
				GENERATE_INFOPLIST_FILE = YES;
				INFOPLIST_KEY_CFBundleDisplayName = "ヒトログ";
				"INFOPLIST_KEY_UIApplicationSceneManifest_Generation[sdk=iphoneos*]" = YES;
				"INFOPLIST_KEY_UIApplicationSceneManifest_Generation[sdk=iphonesimulator*]" = YES;
				"INFOPLIST_KEY_UIApplicationSupportsIndirectInputEvents[sdk=iphoneos*]" = YES;
				"INFOPLIST_KEY_UIApplicationSupportsIndirectInputEvents[sdk=iphonesimulator*]" = YES;
				"INFOPLIST_KEY_UILaunchScreen_Generation[sdk=iphoneos*]" = YES;
				"INFOPLIST_KEY_UILaunchScreen_Generation[sdk=iphonesimulator*]" = YES;
				INFOPLIST_KEY_UILaunchStoryboardName = LaunchScreen;
				"INFOPLIST_KEY_UIStatusBarStyle[sdk=iphoneos*]" = UIStatusBarStyleDefault;
				"INFOPLIST_KEY_UIStatusBarStyle[sdk=iphonesimulator*]" = UIStatusBarStyleDefault;
				INFOPLIST_KEY_UISupportedInterfaceOrientations_iPad = "UIInterfaceOrientationPortrait UIInterfaceOrientationPortraitUpsideDown UIInterfaceOrientationLandscapeLeft UIInterfaceOrientationLandscapeRight";
				INFOPLIST_KEY_UISupportedInterfaceOrientations_iPhone = "UIInterfaceOrientationPortrait UIInterfaceOrientationLandscapeLeft UIInterfaceOrientationLandscapeRight";
				INFOPLIST_KEY_UIUserInterfaceStyle = Light;
				IPHONEOS_DEPLOYMENT_TARGET = 17.0;
				LD_RUNPATH_SEARCH_PATHS = "@executable_path/Frameworks";
				"LD_RUNPATH_SEARCH_PATHS[sdk=macosx*]" = "@executable_path/../Frameworks";
				MACOSX_DEPLOYMENT_TARGET = 15.2;
				MARKETING_VERSION = 1.3.1;
				PRODUCT_BUNDLE_IDENTIFIER = net.phihash.hitolog;
				PRODUCT_NAME = "$(TARGET_NAME)";
				REGISTER_APP_GROUPS = YES;
				SDKROOT = auto;
				SUPPORTED_PLATFORMS = "iphoneos iphonesimulator";
				SUPPORTS_MACCATALYST = NO;
				SWIFT_EMIT_LOC_STRINGS = YES;
				SWIFT_VERSION = 5.0;
				TARGETED_DEVICE_FAMILY = 1;
				XROS_DEPLOYMENT_TARGET = 2.4;
			};
			name = Release;
		};
/* End XCBuildConfiguration section */

/* Begin XCConfigurationList section */
		A9586A502EA2967F00CEDEC2 /* Build configuration list for PBXProject "hitokanri" */ = {
			isa = XCConfigurationList;
			buildConfigurations = (
				A9586A5F2EA2968100CEDEC2 /* Debug */,
				A9586A602EA2968100CEDEC2 /* Release */,
			);
			defaultConfigurationIsVisible = 0;
			defaultConfigurationName = Release;
		};
		A9586A612EA2968100CEDEC2 /* Build configuration list for PBXNativeTarget "hitokanri" */ = {
			isa = XCConfigurationList;
			buildConfigurations = (
				A9586A622EA2968100CEDEC2 /* Debug */,
				A9586A632EA2968100CEDEC2 /* Release */,
			);
			defaultConfigurationIsVisible = 0;
			defaultConfigurationName = Release;
		};
/* End XCConfigurationList section */
	};
	rootObject = A9586A4D2EA2967F00CEDEC2 /* Project object */;
}
